
Microsoft Visual Studio Solution File, Format Version 12.00
# Visual Studio 2012
Project("{FAE04EC0-301F-11D3-BF4B-00C04F79EFBC}") = "StudInfoSys", "StudInfoSys\StudInfoSys.csproj", "{75093002-AA6F-417E-AE33-8D1B441DA4BA}"
EndProject
Project("{FAE04EC0-301F-11D3-BF4B-00C04F79EFBC}") = "StudInfoSys.Tests", "StudInfoSys.Tests\StudInfoSys.Tests.csproj", "{CE38D2D0-81A8-4D15-B0BF-AD8ECA855998}"
EndProject
Global
	GlobalSection(SolutionConfigurationPlatforms) = preSolution
		Debug|Any CPU = Debug|Any CPU
		Release|Any CPU = Release|Any CPU
	EndGlobalSection
	GlobalSection(ProjectConfigurationPlatforms) = postSolution
		{75093002-AA6F-417E-AE33-8D1B441DA4BA}.Debug|Any CPU.ActiveCfg = Debug|Any CPU
		{75093002-AA6F-417E-AE33-8D1B441DA4BA}.Debug|Any CPU.Build.0 = Debug|Any CPU
		{75093002-AA6F-417E-AE33-8D1B441DA4BA}.Release|Any CPU.ActiveCfg = Release|Any CPU
		{75093002-AA6F-417E-AE33-8D1B441DA4BA}.Release|Any CPU.Build.0 = Release|Any CPU
		{CE38D2D0-81A8-4D15-B0BF-AD8ECA855998}.Debug|Any CPU.ActiveCfg = Debug|Any CPU
		{CE38D2D0-81A8-4D15-B0BF-AD8ECA855998}.Debug|Any CPU.Build.0 = Debug|Any CPU
		{CE38D2D0-81A8-4D15-B0BF-AD8ECA855998}.Release|Any CPU.ActiveCfg = Release|Any CPU
		{CE38D2D0-81A8-4D15-B0BF-AD8ECA855998}.Release|Any CPU.Build.0 = Release|Any CPU
	EndGlobalSection
	GlobalSection(SolutionProperties) = preSolution
		HideSolutionNode = FALSE
	EndGlobalSection
EndGlobal
